
Microsoft Visual Studio Solution File, Format Version 12.00
# Visual Studio Version 17
VisualStudioVersion = 17.2.32630.192
MinimumVisualStudioVersion = 10.0.40219.1
Project("{9A19103F-16F7-4668-BE54-9A1E7A4F7556}") = "LeetCode_56_Merge_Intervals", "LeetCode_56_Merge_Intervals.csproj", "{0DE04B47-C751-43F6-87F3-7A8F21EFCBB6}"
EndProject
Global
	GlobalSection(SolutionConfigurationPlatforms) = preSolution
		Debug|Any CPU = Debug|Any CPU
		Release|Any CPU = Release|Any CPU
	EndGlobalSection
	GlobalSection(ProjectConfigurationPlatforms) = postSolution
		{0DE04B47-C751-43F6-87F3-7A8F21EFCBB6}.Debug|Any CPU.ActiveCfg = Debug|Any CPU
		{0DE04B47-C751-43F6-87F3-7A8F21EFCBB6}.Debug|Any CPU.Build.0 = Debug|Any CPU
		{0DE04B47-C751-43F6-87F3-7A8F21EFCBB6}.Release|Any CPU.ActiveCfg = Release|Any CPU
		{0DE04B47-C751-43F6-87F3-7A8F21EFCBB6}.Release|Any CPU.Build.0 = Release|Any CPU
	EndGlobalSection
	GlobalSection(SolutionProperties) = preSolution
		HideSolutionNode = FALSE
	EndGlobalSection
	GlobalSection(ExtensibilityGlobals) = postSolution
		SolutionGuid = {C52D060E-848A-4C93-A0CB-36FE0F8624AC}
	EndGlobalSection
EndGlobal
