
Microsoft Visual Studio Solution File, Format Version 12.00
# Visual Studio Version 17
VisualStudioVersion = 17.2.32630.192
MinimumVisualStudioVersion = 10.0.40219.1
Project("{9A19103F-16F7-4668-BE54-9A1E7A4F7556}") = "LeetCode_40_Combination_Sum", "LeetCode_40_Combination_Sum.csproj", "{DE2DDF17-5C93-4CC4-96D4-E67740893DD2}"
EndProject
Global
	GlobalSection(SolutionConfigurationPlatforms) = preSolution
		Debug|Any CPU = Debug|Any CPU
		Release|Any CPU = Release|Any CPU
	EndGlobalSection
	GlobalSection(ProjectConfigurationPlatforms) = postSolution
		{DE2DDF17-5C93-4CC4-96D4-E67740893DD2}.Debug|Any CPU.ActiveCfg = Debug|Any CPU
		{DE2DDF17-5C93-4CC4-96D4-E67740893DD2}.Debug|Any CPU.Build.0 = Debug|Any CPU
		{DE2DDF17-5C93-4CC4-96D4-E67740893DD2}.Release|Any CPU.ActiveCfg = Release|Any CPU
		{DE2DDF17-5C93-4CC4-96D4-E67740893DD2}.Release|Any CPU.Build.0 = Release|Any CPU
	EndGlobalSection
	GlobalSection(SolutionProperties) = preSolution
		HideSolutionNode = FALSE
	EndGlobalSection
	GlobalSection(ExtensibilityGlobals) = postSolution
		SolutionGuid = {C52D060E-848A-4C93-A0CB-36FE0F8624AC}
	EndGlobalSection
EndGlobal
